
Microsoft Visual Studio Solution File, Format Version 12.00
# Visual Studio Version 17
VisualStudioVersion = 17.1.32421.90
MinimumVisualStudioVersion = 10.0.40219.1
Project("{FAE04EC0-301F-11D3-BF4B-00C04F79EFBC}") = "AllChatServer", "AllChatServer\AllChatServer.csproj", "{7C2292D9-A97A-4384-8723-F7E5BFF4A5C8}"
EndProject
Global
	GlobalSection(SolutionConfigurationPlatforms) = preSolution
		Debug|Any CPU = Debug|Any CPU
		Release|Any CPU = Release|Any CPU
	EndGlobalSection
	GlobalSection(ProjectConfigurationPlatforms) = postSolution
		{7C2292D9-A97A-4384-8723-F7E5BFF4A5C8}.Debug|Any CPU.ActiveCfg = Debug|Any CPU
		{7C2292D9-A97A-4384-8723-F7E5BFF4A5C8}.Debug|Any CPU.Build.0 = Debug|Any CPU
		{7C2292D9-A97A-4384-8723-F7E5BFF4A5C8}.Release|Any CPU.ActiveCfg = Release|Any CPU
		{7C2292D9-A97A-4384-8723-F7E5BFF4A5C8}.Release|Any CPU.Build.0 = Release|Any CPU
	EndGlobalSection
	GlobalSection(SolutionProperties) = preSolution
		HideSolutionNode = FALSE
	EndGlobalSection
	GlobalSection(ExtensibilityGlobals) = postSolution
		SolutionGuid = {D6A5A8B4-B216-4134-BB28-F6A7B1A7A898}
	EndGlobalSection
EndGlobal
